
Microsoft Visual Studio Solution File, Format Version 12.00
# Visual Studio Version 17
VisualStudioVersion = 17.0.31903.59
MinimumVisualStudioVersion = 10.0.40219.1
Project("{2150E333-8FDC-42A3-9474-1A3956D46DE8}") = "src", "src", "{3ED936D3-1992-4174-83FB-6E9EF9B146B7}"
EndProject
Project("{FAE04EC0-301F-11D3-BF4B-00C04F79EFBC}") = "SampleApplication", "src\SampleApplication\SampleApplication.csproj", "{F360567F-67C6-4C58-8ACC-FAE441C0290F}"
EndProject
Global
	GlobalSection(SolutionConfigurationPlatforms) = preSolution
		Debug|Any CPU = Debug|Any CPU
		Release|Any CPU = Release|Any CPU
	EndGlobalSection
	GlobalSection(SolutionProperties) = preSolution
		HideSolutionNode = FALSE
	EndGlobalSection
	GlobalSection(ProjectConfigurationPlatforms) = postSolution
		{F360567F-67C6-4C58-8ACC-FAE441C0290F}.Debug|Any CPU.ActiveCfg = Debug|Any CPU
		{F360567F-67C6-4C58-8ACC-FAE441C0290F}.Debug|Any CPU.Build.0 = Debug|Any CPU
		{F360567F-67C6-4C58-8ACC-FAE441C0290F}.Release|Any CPU.ActiveCfg = Release|Any CPU
		{F360567F-67C6-4C58-8ACC-FAE441C0290F}.Release|Any CPU.Build.0 = Release|Any CPU
	EndGlobalSection
	GlobalSection(NestedProjects) = preSolution
		{F360567F-67C6-4C58-8ACC-FAE441C0290F} = {3ED936D3-1992-4174-83FB-6E9EF9B146B7}
	EndGlobalSection
EndGlobal
